
Microsoft Visual Studio Solution File, Format Version 12.00
# Visual Studio Version 17
VisualStudioVersion = 17.3.32929.385
MinimumVisualStudioVersion = 10.0.40219.1
Project("{FAE04EC0-301F-11D3-BF4B-00C04F79EFBC}") = "sports_store_files", "sports_store_files\sports_store_files.csproj", "{E51EBC34-17CC-481A-A797-7CE66485671B}"
EndProject
Project("{2150E333-8FDC-42A3-9474-1A3956D46DE8}") = "test", "test", "{7FD5479C-5329-482E-A1AF-087C23CE4B5A}"
EndProject
Project("{FAE04EC0-301F-11D3-BF4B-00C04F79EFBC}") = "sports_store.tests", "sports_store.tests\sports_store.tests.csproj", "{EC523C12-FC00-440E-AF8D-4CF299589736}"
EndProject
Global
	GlobalSection(SolutionConfigurationPlatforms) = preSolution
		Debug|Any CPU = Debug|Any CPU
		Release|Any CPU = Release|Any CPU
	EndGlobalSection
	GlobalSection(ProjectConfigurationPlatforms) = postSolution
		{E51EBC34-17CC-481A-A797-7CE66485671B}.Debug|Any CPU.ActiveCfg = Debug|Any CPU
		{E51EBC34-17CC-481A-A797-7CE66485671B}.Debug|Any CPU.Build.0 = Debug|Any CPU
		{E51EBC34-17CC-481A-A797-7CE66485671B}.Release|Any CPU.ActiveCfg = Release|Any CPU
		{E51EBC34-17CC-481A-A797-7CE66485671B}.Release|Any CPU.Build.0 = Release|Any CPU
		{EC523C12-FC00-440E-AF8D-4CF299589736}.Debug|Any CPU.ActiveCfg = Debug|Any CPU
		{EC523C12-FC00-440E-AF8D-4CF299589736}.Debug|Any CPU.Build.0 = Debug|Any CPU
		{EC523C12-FC00-440E-AF8D-4CF299589736}.Release|Any CPU.ActiveCfg = Release|Any CPU
		{EC523C12-FC00-440E-AF8D-4CF299589736}.Release|Any CPU.Build.0 = Release|Any CPU
	EndGlobalSection
	GlobalSection(SolutionProperties) = preSolution
		HideSolutionNode = FALSE
	EndGlobalSection
	GlobalSection(NestedProjects) = preSolution
		{EC523C12-FC00-440E-AF8D-4CF299589736} = {7FD5479C-5329-482E-A1AF-087C23CE4B5A}
	EndGlobalSection
	GlobalSection(ExtensibilityGlobals) = postSolution
		SolutionGuid = {040EE249-4E7D-4093-91E3-1B350C5A01D3}
	EndGlobalSection
EndGlobal
